// !$*UTF8*$!
{
	archiveVersion = 1;
	classes = {
	};
	objectVersion = 51;
	objects = {

/* Begin PBXBuildFile section */
		3A15CA7B2276EA70006A0843 /* AppDelegate.swift in Sources */ = {isa = PBXBuildFile; fileRef = 3A15CA7A2276EA70006A0843 /* AppDelegate.swift */; };
		3A15CA802276EA70006A0843 /* Main.storyboard in Resources */ = {isa = PBXBuildFile; fileRef = 3A15CA7E2276EA70006A0843 /* Main.storyboard */; };
		3A15CA822276EA71006A0843 /* Assets.xcassets in Resources */ = {isa = PBXBuildFile; fileRef = 3A15CA812276EA71006A0843 /* Assets.xcassets */; };
		3A15CA8D2276F46F006A0843 /* MainTableViewController.swift in Sources */ = {isa = PBXBuildFile; fileRef = 3A15CA8C2276F46F006A0843 /* MainTableViewController.swift */; };
		3A15CAAF22799D82006A0843 /* CustomTableViewCell.swift in Sources */ = {isa = PBXBuildFile; fileRef = 3A15CAAE22799D82006A0843 /* CustomTableViewCell.swift */; };
		3A15CAB32279A415006A0843 /* SpotModel.swift in Sources */ = {isa = PBXBuildFile; fileRef = 3A15CAB22279A415006A0843 /* SpotModel.swift */; };
		3A15CAB52279BFEB006A0843 /* NewSpotViewController.swift in Sources */ = {isa = PBXBuildFile; fileRef = 3A15CAB42279BFEB006A0843 /* NewSpotViewController.swift */; };
		3A43F69522909EE100E82476 /* MapManager.swift in Sources */ = {isa = PBXBuildFile; fileRef = 3A43F69422909EE100E82476 /* MapManager.swift */; };
		3A43F69C2291882500E82476 /* WelcomeViewController.swift in Sources */ = {isa = PBXBuildFile; fileRef = 3A43F69B2291882400E82476 /* WelcomeViewController.swift */; };
		3A43F69E22918A4500E82476 /* UserDefaultsWrapper.swift in Sources */ = {isa = PBXBuildFile; fileRef = 3A43F69D22918A4500E82476 /* UserDefaultsWrapper.swift */; };
		3A43F6A022918A6A00E82476 /* Session.swift in Sources */ = {isa = PBXBuildFile; fileRef = 3A43F69F22918A6A00E82476 /* Session.swift */; };
		3A4EB82C2288174200F58036 /* RatingControl.swift in Sources */ = {isa = PBXBuildFile; fileRef = 3A4EB82B2288174200F58036 /* RatingControl.swift */; };
		3A5EA6CB227FA1D600F067D6 /* StorageManager.swift in Sources */ = {isa = PBXBuildFile; fileRef = 3A5EA6CA227FA1D600F067D6 /* StorageManager.swift */; };
		3A9124EB22888E2500134EE3 /* RatingView.swift in Sources */ = {isa = PBXBuildFile; fileRef = 3A9124EA22888E2500134EE3 /* RatingView.swift */; };
		3A9B142A2289600700A19FCA /* MapViewController.swift in Sources */ = {isa = PBXBuildFile; fileRef = 3A9B14292289600700A19FCA /* MapViewController.swift */; };
		3ABE1F6C233FC8A3000B0B25 /* LaunchScreen.storyboard in Resources */ = {isa = PBXBuildFile; fileRef = 3ABE1F6B233FC8A3000B0B25 /* LaunchScreen.storyboard */; };
		73A50AF4E8B38A3FC1A043D9 /* Pods_SpotJournal.framework in Frameworks */ = {isa = PBXBuildFile; fileRef = 876E2ABB42C9954B88E400E5 /* Pods_SpotJournal.framework */; };
/* End PBXBuildFile section */

/* Begin PBXFileReference section */
		3A15CA772276EA70006A0843 /* SpotJournal.app */ = {isa = PBXFileReference; explicitFileType = wrapper.application; includeInIndex = 0; path = SpotJournal.app; sourceTree = BUILT_PRODUCTS_DIR; };
		3A15CA7A2276EA70006A0843 /* AppDelegate.swift */ = {isa = PBXFileReference; lastKnownFileType = sourcecode.swift; path = AppDelegate.swift; sourceTree = "<group>"; };
		3A15CA7F2276EA70006A0843 /* Base */ = {isa = PBXFileReference; lastKnownFileType = file.storyboard; name = Base; path = Base.lproj/Main.storyboard; sourceTree = "<group>"; };
		3A15CA812276EA71006A0843 /* Assets.xcassets */ = {isa = PBXFileReference; lastKnownFileType = folder.assetcatalog; path = Assets.xcassets; sourceTree = "<group>"; };
		3A15CA862276EA71006A0843 /* Info.plist */ = {isa = PBXFileReference; lastKnownFileType = text.plist.xml; path = Info.plist; sourceTree = "<group>"; };
		3A15CA8C2276F46F006A0843 /* MainTableViewController.swift */ = {isa = PBXFileReference; lastKnownFileType = sourcecode.swift; path = MainTableViewController.swift; sourceTree = "<group>"; };
		3A15CAAE22799D82006A0843 /* CustomTableViewCell.swift */ = {isa = PBXFileReference; lastKnownFileType = sourcecode.swift; path = CustomTableViewCell.swift; sourceTree = "<group>"; };
		3A15CAB22279A415006A0843 /* SpotModel.swift */ = {isa = PBXFileReference; lastKnownFileType = sourcecode.swift; path = SpotModel.swift; sourceTree = "<group>"; };
		3A15CAB42279BFEB006A0843 /* NewSpotViewController.swift */ = {isa = PBXFileReference; lastKnownFileType = sourcecode.swift; path = NewSpotViewController.swift; sourceTree = "<group>"; };
		3A43F69422909EE100E82476 /* MapManager.swift */ = {isa = PBXFileReference; lastKnownFileType = sourcecode.swift; path = MapManager.swift; sourceTree = "<group>"; };
		3A43F69B2291882400E82476 /* WelcomeViewController.swift */ = {isa = PBXFileReference; lastKnownFileType = sourcecode.swift; path = WelcomeViewController.swift; sourceTree = "<group>"; };
		3A43F69D22918A4500E82476 /* UserDefaultsWrapper.swift */ = {isa = PBXFileReference; lastKnownFileType = sourcecode.swift; path = UserDefaultsWrapper.swift; sourceTree = "<group>"; };
		3A43F69F22918A6A00E82476 /* Session.swift */ = {isa = PBXFileReference; lastKnownFileType = sourcecode.swift; path = Session.swift; sourceTree = "<group>"; };
		3A4EB82B2288174200F58036 /* RatingControl.swift */ = {isa = PBXFileReference; lastKnownFileType = sourcecode.swift; path = RatingControl.swift; sourceTree = "<group>"; };
		3A5EA6CA227FA1D600F067D6 /* StorageManager.swift */ = {isa = PBXFileReference; lastKnownFileType = sourcecode.swift; path = StorageManager.swift; sourceTree = "<group>"; };
		3A9124EA22888E2500134EE3 /* RatingView.swift */ = {isa = PBXFileReference; fileEncoding = 4; lastKnownFileType = sourcecode.swift; path = RatingView.swift; sourceTree = "<group>"; };
		3A9B14292289600700A19FCA /* MapViewController.swift */ = {isa = PBXFileReference; lastKnownFileType = sourcecode.swift; path = MapViewController.swift; sourceTree = "<group>"; };
		3ABE1F6B233FC8A3000B0B25 /* LaunchScreen.storyboard */ = {isa = PBXFileReference; lastKnownFileType = file.storyboard; path = LaunchScreen.storyboard; sourceTree = "<group>"; };
		876E2ABB42C9954B88E400E5 /* Pods_SpotJournal.framework */ = {isa = PBXFileReference; explicitFileType = wrapper.framework; includeInIndex = 0; path = Pods_SpotJournal.framework; sourceTree = BUILT_PRODUCTS_DIR; };
		B12A32043C2E5F1C6D462064 /* Pods-SpotJournal.release.xcconfig */ = {isa = PBXFileReference; includeInIndex = 1; lastKnownFileType = text.xcconfig; name = "Pods-SpotJournal.release.xcconfig"; path = "Target Support Files/Pods-SpotJournal/Pods-SpotJournal.release.xcconfig"; sourceTree = "<group>"; };
		EDD18E2D000C1484AEC33B67 /* Pods-SpotJournal.debug.xcconfig */ = {isa = PBXFileReference; includeInIndex = 1; lastKnownFileType = text.xcconfig; name = "Pods-SpotJournal.debug.xcconfig"; path = "Target Support Files/Pods-SpotJournal/Pods-SpotJournal.debug.xcconfig"; sourceTree = "<group>"; };
/* End PBXFileReference section */

/* Begin PBXFrameworksBuildPhase section */
		3A15CA742276EA70006A0843 /* Frameworks */ = {
			isa = PBXFrameworksBuildPhase;
			buildActionMask = 2147483647;
			files = (
				73A50AF4E8B38A3FC1A043D9 /* Pods_SpotJournal.framework in Frameworks */,
			);
			runOnlyForDeploymentPostprocessing = 0;
		};
/* End PBXFrameworksBuildPhase section */

/* Begin PBXGroup section */
		0773368C4578234CAC8DF2B4 /* Pods */ = {
			isa = PBXGroup;
			children = (
				EDD18E2D000C1484AEC33B67 /* Pods-SpotJournal.debug.xcconfig */,
				B12A32043C2E5F1C6D462064 /* Pods-SpotJournal.release.xcconfig */,
			);
			path = Pods;
			sourceTree = "<group>";
		};
		3A15CA6E2276EA70006A0843 = {
			isa = PBXGroup;
			children = (
				3A15CA792276EA70006A0843 /* SpotJournal */,
				3A15CA782276EA70006A0843 /* Products */,
				0773368C4578234CAC8DF2B4 /* Pods */,
				4DA1ACEFCA05D309B844DEFA /* Frameworks */,
			);
			sourceTree = "<group>";
		};
		3A15CA782276EA70006A0843 /* Products */ = {
			isa = PBXGroup;
			children = (
				3A15CA772276EA70006A0843 /* SpotJournal.app */,
			);
			name = Products;
			sourceTree = "<group>";
		};
		3A15CA792276EA70006A0843 /* SpotJournal */ = {
			isa = PBXGroup;
			children = (
				3A43F6962290CDCB00E82476 /* ViewControllers */,
				3A43F6982290CE2600E82476 /* Helpers */,
				3A43F6972290CE1A00E82476 /* Models */,
				3A43F6992290CE3B00E82476 /* Support Files */,
				3A43F69A2290CE6E00E82476 /* IBuilder */,
			);
			path = SpotJournal;
			sourceTree = "<group>";
		};
		3A43F6962290CDCB00E82476 /* ViewControllers */ = {
			isa = PBXGroup;
			children = (
				3A15CA8C2276F46F006A0843 /* MainTableViewController.swift */,
				3A15CAB42279BFEB006A0843 /* NewSpotViewController.swift */,
				3A9B14292289600700A19FCA /* MapViewController.swift */,
				3A15CAAE22799D82006A0843 /* CustomTableViewCell.swift */,
				3A43F69B2291882400E82476 /* WelcomeViewController.swift */,
			);
			path = ViewControllers;
			sourceTree = "<group>";
		};
		3A43F6972290CE1A00E82476 /* Models */ = {
			isa = PBXGroup;
			children = (
				3A15CAB22279A415006A0843 /* SpotModel.swift */,
			);
			path = Models;
			sourceTree = "<group>";
		};
		3A43F6982290CE2600E82476 /* Helpers */ = {
			isa = PBXGroup;
			children = (
				3A5EA6CA227FA1D600F067D6 /* StorageManager.swift */,
				3A43F69422909EE100E82476 /* MapManager.swift */,
				3A4EB82B2288174200F58036 /* RatingControl.swift */,
				3A9124EA22888E2500134EE3 /* RatingView.swift */,
				3A43F69D22918A4500E82476 /* UserDefaultsWrapper.swift */,
				3A43F69F22918A6A00E82476 /* Session.swift */,
			);
			path = Helpers;
			sourceTree = "<group>";
		};
		3A43F6992290CE3B00E82476 /* Support Files */ = {
			isa = PBXGroup;
			children = (
				3A15CA7A2276EA70006A0843 /* AppDelegate.swift */,
				3A15CA812276EA71006A0843 /* Assets.xcassets */,
				3A15CA862276EA71006A0843 /* Info.plist */,
			);
			path = "Support Files";
			sourceTree = "<group>";
		};
		3A43F69A2290CE6E00E82476 /* IBuilder */ = {
			isa = PBXGroup;
			children = (
				3A15CA7E2276EA70006A0843 /* Main.storyboard */,
				3ABE1F6B233FC8A3000B0B25 /* LaunchScreen.storyboard */,
			);
			path = IBuilder;
			sourceTree = "<group>";
		};
		4DA1ACEFCA05D309B844DEFA /* Frameworks */ = {
			isa = PBXGroup;
			children = (
				876E2ABB42C9954B88E400E5 /* Pods_SpotJournal.framework */,
			);
			name = Frameworks;
			sourceTree = "<group>";
		};
/* End PBXGroup section */

/* Begin PBXNativeTarget section */
		3A15CA762276EA70006A0843 /* SpotJournal */ = {
			isa = PBXNativeTarget;
			buildConfigurationList = 3A15CA892276EA71006A0843 /* Build configuration list for PBXNativeTarget "SpotJournal" */;
			buildPhases = (
				78703AFA0B11C09F489CE845 /* [CP] Check Pods Manifest.lock */,
				3A15CA732276EA70006A0843 /* Sources */,
				3A15CA742276EA70006A0843 /* Frameworks */,
				3A15CA752276EA70006A0843 /* Resources */,
				D499E65B66D38626B6B9E276 /* [CP] Embed Pods Frameworks */,
			);
			buildRules = (
			);
			dependencies = (
			);
			name = SpotJournal;
			productName = SpotJournal;
			productReference = 3A15CA772276EA70006A0843 /* SpotJournal.app */;
			productType = "com.apple.product-type.application";
		};
/* End PBXNativeTarget section */

/* Begin PBXProject section */
		3A15CA6F2276EA70006A0843 /* Project object */ = {
			isa = PBXProject;
			attributes = {
				LastSwiftUpdateCheck = 1020;
				LastUpgradeCheck = 1020;
				ORGANIZATIONNAME = "Anton Siauruk";
				TargetAttributes = {
					3A15CA762276EA70006A0843 = {
						CreatedOnToolsVersion = 10.2.1;
					};
				};
			};
			buildConfigurationList = 3A15CA722276EA70006A0843 /* Build configuration list for PBXProject "SpotJournal" */;
			compatibilityVersion = "Xcode 9.3";
			developmentRegion = en;
			hasScannedForEncodings = 0;
			knownRegions = (
				en,
				Base,
			);
			mainGroup = 3A15CA6E2276EA70006A0843;
			productRefGroup = 3A15CA782276EA70006A0843 /* Products */;
			projectDirPath = "";
			projectRoot = "";
			targets = (
				3A15CA762276EA70006A0843 /* SpotJournal */,
			);
		};
/* End PBXProject section */

/* Begin PBXResourcesBuildPhase section */
		3A15CA752276EA70006A0843 /* Resources */ = {
			isa = PBXResourcesBuildPhase;
			buildActionMask = 2147483647;
			files = (
				3ABE1F6C233FC8A3000B0B25 /* LaunchScreen.storyboard in Resources */,
				3A15CA822276EA71006A0843 /* Assets.xcassets in Resources */,
				3A15CA802276EA70006A0843 /* Main.storyboard in Resources */,
			);
			runOnlyForDeploymentPostprocessing = 0;
		};
/* End PBXResourcesBuildPhase section */

/* Begin PBXShellScriptBuildPhase section */
		78703AFA0B11C09F489CE845 /* [CP] Check Pods Manifest.lock */ = {
			isa = PBXShellScriptBuildPhase;
			buildActionMask = 2147483647;
			files = (
			);
			inputFileListPaths = (
			);
			inputPaths = (
				"${PODS_PODFILE_DIR_PATH}/Podfile.lock",
				"${PODS_ROOT}/Manifest.lock",
			);
			name = "[CP] Check Pods Manifest.lock";
			outputFileListPaths = (
			);
			outputPaths = (
				"$(DERIVED_FILE_DIR)/Pods-SpotJournal-checkManifestLockResult.txt",
			);
			runOnlyForDeploymentPostprocessing = 0;
			shellPath = /bin/sh;
			shellScript = "diff \"${PODS_PODFILE_DIR_PATH}/Podfile.lock\" \"${PODS_ROOT}/Manifest.lock\" > /dev/null\nif [ $? != 0 ] ; then\n    # print error to STDERR\n    echo \"error: The sandbox is not in sync with the Podfile.lock. Run 'pod install' or update your CocoaPods installation.\" >&2\n    exit 1\nfi\n# This output is used by Xcode 'outputs' to avoid re-running this script phase.\necho \"SUCCESS\" > \"${SCRIPT_OUTPUT_FILE_0}\"\n";
			showEnvVarsInLog = 0;
		};
		D499E65B66D38626B6B9E276 /* [CP] Embed Pods Frameworks */ = {
			isa = PBXShellScriptBuildPhase;
			buildActionMask = 2147483647;
			files = (
			);
			inputFileListPaths = (
				"${PODS_ROOT}/Target Support Files/Pods-SpotJournal/Pods-SpotJournal-frameworks-${CONFIGURATION}-input-files.xcfilelist",
			);
			name = "[CP] Embed Pods Frameworks";
			outputFileListPaths = (
				"${PODS_ROOT}/Target Support Files/Pods-SpotJournal/Pods-SpotJournal-frameworks-${CONFIGURATION}-output-files.xcfilelist",
			);
			runOnlyForDeploymentPostprocessing = 0;
			shellPath = /bin/sh;
			shellScript = "\"${PODS_ROOT}/Target Support Files/Pods-SpotJournal/Pods-SpotJournal-frameworks.sh\"\n";
			showEnvVarsInLog = 0;
		};
/* End PBXShellScriptBuildPhase section */

/* Begin PBXSourcesBuildPhase section */
		3A15CA732276EA70006A0843 /* Sources */ = {
			isa = PBXSourcesBuildPhase;
			buildActionMask = 2147483647;
			files = (
				3A4EB82C2288174200F58036 /* RatingControl.swift in Sources */,
				3A15CAAF22799D82006A0843 /* CustomTableViewCell.swift in Sources */,
				3A43F69C2291882500E82476 /* WelcomeViewController.swift in Sources */,
				3A15CAB52279BFEB006A0843 /* NewSpotViewController.swift in Sources */,
				3A43F69E22918A4500E82476 /* UserDefaultsWrapper.swift in Sources */,
				3A9124EB22888E2500134EE3 /* RatingView.swift in Sources */,
				3A9B142A2289600700A19FCA /* MapViewController.swift in Sources */,
				3A43F6A022918A6A00E82476 /* Session.swift in Sources */,
				3A15CAB32279A415006A0843 /* SpotModel.swift in Sources */,
				3A43F69522909EE100E82476 /* MapManager.swift in Sources */,
				3A5EA6CB227FA1D600F067D6 /* StorageManager.swift in Sources */,
				3A15CA8D2276F46F006A0843 /* MainTableViewController.swift in Sources */,
				3A15CA7B2276EA70006A0843 /* AppDelegate.swift in Sources */,
			);
			runOnlyForDeploymentPostprocessing = 0;
		};
/* End PBXSourcesBuildPhase section */

/* Begin PBXVariantGroup section */
		3A15CA7E2276EA70006A0843 /* Main.storyboard */ = {
			isa = PBXVariantGroup;
			children = (
				3A15CA7F2276EA70006A0843 /* Base */,
			);
			name = Main.storyboard;
			sourceTree = "<group>";
		};
/* End PBXVariantGroup section */

/* Begin XCBuildConfiguration section */
		3A15CA872276EA71006A0843 /* Debug */ = {
			isa = XCBuildConfiguration;
			buildSettings = {
				ALWAYS_SEARCH_USER_PATHS = NO;
				CLANG_ANALYZER_NONNULL = YES;
				CLANG_ANALYZER_NUMBER_OBJECT_CONVERSION = YES_AGGRESSIVE;
				CLANG_CXX_LANGUAGE_STANDARD = "gnu++14";
				CLANG_CXX_LIBRARY = "libc++";
				CLANG_ENABLE_MODULES = YES;
				CLANG_ENABLE_OBJC_ARC = YES;
				CLANG_ENABLE_OBJC_WEAK = YES;
				CLANG_WARN_BLOCK_CAPTURE_AUTORELEASING = YES;
				CLANG_WARN_BOOL_CONVERSION = YES;
				CLANG_WARN_COMMA = YES;
				CLANG_WARN_CONSTANT_CONVERSION = YES;
				CLANG_WARN_DEPRECATED_OBJC_IMPLEMENTATIONS = YES;
				CLANG_WARN_DIRECT_OBJC_ISA_USAGE = YES_ERROR;
				CLANG_WARN_DOCUMENTATION_COMMENTS = YES;
				CLANG_WARN_EMPTY_BODY = YES;
				CLANG_WARN_ENUM_CONVERSION = YES;
				CLANG_WARN_INFINITE_RECURSION = YES;
				CLANG_WARN_INT_CONVERSION = YES;
				CLANG_WARN_NON_LITERAL_NULL_CONVERSION = YES;
				CLANG_WARN_OBJC_IMPLICIT_RETAIN_SELF = YES;
				CLANG_WARN_OBJC_LITERAL_CONVERSION = YES;
				CLANG_WARN_OBJC_ROOT_CLASS = YES_ERROR;
				CLANG_WARN_RANGE_LOOP_ANALYSIS = YES;
				CLANG_WARN_STRICT_PROTOTYPES = YES;
				CLANG_WARN_SUSPICIOUS_MOVE = YES;
				CLANG_WARN_UNGUARDED_AVAILABILITY = YES_AGGRESSIVE;
				CLANG_WARN_UNREACHABLE_CODE = YES;
				CLANG_WARN__DUPLICATE_METHOD_MATCH = YES;
				CODE_SIGN_IDENTITY = "iPhone Developer";
				COPY_PHASE_STRIP = NO;
				DEBUG_INFORMATION_FORMAT = dwarf;
				ENABLE_STRICT_OBJC_MSGSEND = YES;
				ENABLE_TESTABILITY = YES;
				GCC_C_LANGUAGE_STANDARD = gnu11;
				GCC_DYNAMIC_NO_PIC = NO;
				GCC_NO_COMMON_BLOCKS = YES;
				GCC_OPTIMIZATION_LEVEL = 0;
				GCC_PREPROCESSOR_DEFINITIONS = (
					"DEBUG=1",
					"$(inherited)",
				);
				GCC_WARN_64_TO_32_BIT_CONVERSION = YES;
				GCC_WARN_ABOUT_RETURN_TYPE = YES_ERROR;
				GCC_WARN_UNDECLARED_SELECTOR = YES;
				GCC_WARN_UNINITIALIZED_AUTOS = YES_AGGRESSIVE;
				GCC_WARN_UNUSED_FUNCTION = YES;
				GCC_WARN_UNUSED_VARIABLE = YES;
				IPHONEOS_DEPLOYMENT_TARGET = 12.2;
				MTL_ENABLE_DEBUG_INFO = INCLUDE_SOURCE;
				MTL_FAST_MATH = YES;
				ONLY_ACTIVE_ARCH = YES;
				SDKROOT = iphoneos;
				SWIFT_ACTIVE_COMPILATION_CONDITIONS = DEBUG;
				SWIFT_OPTIMIZATION_LEVEL = "-Onone";
			};
			name = Debug;
		};
		3A15CA882276EA71006A0843 /* Release */ = {
			isa = XCBuildConfiguration;
			buildSettings = {
				ALWAYS_SEARCH_USER_PATHS = NO;
				CLANG_ANALYZER_NONNULL = YES;
				CLANG_ANALYZER_NUMBER_OBJECT_CONVERSION = YES_AGGRESSIVE;
				CLANG_CXX_LANGUAGE_STANDARD = "gnu++14";
				CLANG_CXX_LIBRARY = "libc++";
				CLANG_ENABLE_MODULES = YES;
				CLANG_ENABLE_OBJC_ARC = YES;
				CLANG_ENABLE_OBJC_WEAK = YES;
				CLANG_WARN_BLOCK_CAPTURE_AUTORELEASING = YES;
				CLANG_WARN_BOOL_CONVERSION = YES;
				CLANG_WARN_COMMA = YES;
				CLANG_WARN_CONSTANT_CONVERSION = YES;
				CLANG_WARN_DEPRECATED_OBJC_IMPLEMENTATIONS = YES;
				CLANG_WARN_DIRECT_OBJC_ISA_USAGE = YES_ERROR;
				CLANG_WARN_DOCUMENTATION_COMMENTS = YES;
				CLANG_WARN_EMPTY_BODY = YES;
				CLANG_WARN_ENUM_CONVERSION = YES;
				CLANG_WARN_INFINITE_RECURSION = YES;
				CLANG_WARN_INT_CONVERSION = YES;
				CLANG_WARN_NON_LITERAL_NULL_CONVERSION = YES;
				CLANG_WARN_OBJC_IMPLICIT_RETAIN_SELF = YES;
				CLANG_WARN_OBJC_LITERAL_CONVERSION = YES;
				CLANG_WARN_OBJC_ROOT_CLASS = YES_ERROR;
				CLANG_WARN_RANGE_LOOP_ANALYSIS = YES;
				CLANG_WARN_STRICT_PROTOTYPES = YES;
				CLANG_WARN_SUSPICIOUS_MOVE = YES;
				CLANG_WARN_UNGUARDED_AVAILABILITY = YES_AGGRESSIVE;
				CLANG_WARN_UNREACHABLE_CODE = YES;
				CLANG_WARN__DUPLICATE_METHOD_MATCH = YES;
				CODE_SIGN_IDENTITY = "iPhone Developer";
				COPY_PHASE_STRIP = NO;
				DEBUG_INFORMATION_FORMAT = "dwarf-with-dsym";
				ENABLE_NS_ASSERTIONS = NO;
				ENABLE_STRICT_OBJC_MSGSEND = YES;
				GCC_C_LANGUAGE_STANDARD = gnu11;
				GCC_NO_COMMON_BLOCKS = YES;
				GCC_WARN_64_TO_32_BIT_CONVERSION = YES;
				GCC_WARN_ABOUT_RETURN_TYPE = YES_ERROR;
				GCC_WARN_UNDECLARED_SELECTOR = YES;
				GCC_WARN_UNINITIALIZED_AUTOS = YES_AGGRESSIVE;
				GCC_WARN_UNUSED_FUNCTION = YES;
				GCC_WARN_UNUSED_VARIABLE = YES;
				IPHONEOS_DEPLOYMENT_TARGET = 12.2;
				MTL_ENABLE_DEBUG_INFO = NO;
				MTL_FAST_MATH = YES;
				SDKROOT = iphoneos;
				SWIFT_COMPILATION_MODE = wholemodule;
				SWIFT_OPTIMIZATION_LEVEL = "-O";
				VALIDATE_PRODUCT = YES;
			};
			name = Release;
		};
		3A15CA8A2276EA71006A0843 /* Debug */ = {
			isa = XCBuildConfiguration;
			baseConfigurationReference = EDD18E2D000C1484AEC33B67 /* Pods-SpotJournal.debug.xcconfig */;
			buildSettings = {
				ASSETCATALOG_COMPILER_APPICON_NAME = AppIcon;
				CODE_SIGN_IDENTITY = "iPhone Developer";
				CODE_SIGN_STYLE = Automatic;
				DEVELOPMENT_TEAM = 9NN94ZU74L;
				INFOPLIST_FILE = "$(SRCROOT)/SpotJournal/Support Files/Info.plist";
				IPHONEOS_DEPLOYMENT_TARGET = 9.0;
				LD_RUNPATH_SEARCH_PATHS = (
					"$(inherited)",
					"@executable_path/Frameworks",
				);
				PRODUCT_BUNDLE_IDENTIFIER = com.Siauruk.SpotJournal;
				PRODUCT_NAME = "$(TARGET_NAME)";
				PROVISIONING_PROFILE_SPECIFIER = "";
				SWIFT_VERSION = 5.0;
				TARGETED_DEVICE_FAMILY = 1;
			};
			name = Debug;
		};
		3A15CA8B2276EA71006A0843 /* Release */ = {
			isa = XCBuildConfiguration;
			baseConfigurationReference = B12A32043C2E5F1C6D462064 /* Pods-SpotJournal.release.xcconfig */;
			buildSettings = {
				ASSETCATALOG_COMPILER_APPICON_NAME = AppIcon;
				CODE_SIGN_IDENTITY = "iPhone Developer";
				CODE_SIGN_STYLE = Automatic;
				DEVELOPMENT_TEAM = 9NN94ZU74L;
				INFOPLIST_FILE = "$(SRCROOT)/SpotJournal/Support Files/Info.plist";
				IPHONEOS_DEPLOYMENT_TARGET = 9.0;
				LD_RUNPATH_SEARCH_PATHS = (
					"$(inherited)",
					"@executable_path/Frameworks",
				);
				PRODUCT_BUNDLE_IDENTIFIER = com.Siauruk.SpotJournal;
				PRODUCT_NAME = "$(TARGET_NAME)";
				PROVISIONING_PROFILE_SPECIFIER = "";
				SWIFT_VERSION = 5.0;
				TARGETED_DEVICE_FAMILY = 1;
			};
			name = Release;
		};
/* End XCBuildConfiguration section */

/* Begin XCConfigurationList section */
		3A15CA722276EA70006A0843 /* Build configuration list for PBXProject "SpotJournal" */ = {
			isa = XCConfigurationList;
			buildConfigurations = (
				3A15CA872276EA71006A0843 /* Debug */,
				3A15CA882276EA71006A0843 /* Release */,
			);
			defaultConfigurationIsVisible = 0;
			defaultConfigurationName = Release;
		};
		3A15CA892276EA71006A0843 /* Build configuration list for PBXNativeTarget "SpotJournal" */ = {
			isa = XCConfigurationList;
			buildConfigurations = (
				3A15CA8A2276EA71006A0843 /* Debug */,
				3A15CA8B2276EA71006A0843 /* Release */,
			);
			defaultConfigurationIsVisible = 0;
			defaultConfigurationName = Release;
		};
/* End XCConfigurationList section */
	};
	rootObject = 3A15CA6F2276EA70006A0843 /* Project object */;
}
