// !$*UTF8*$!
{
	archiveVersion = 1;
	classes = {
	};
	objectVersion = 50;
	objects = {

/* Begin PBXBuildFile section */
		3A15CA7B2276EA70006A0843 /* AppDelegate.swift in Sources */ = {isa = PBXBuildFile; fileRef = 3A15CA7A2276EA70006A0843 /* AppDelegate.swift */; };
		3A15CA802276EA70006A0843 /* Main.storyboard in Resources */ = {isa = PBXBuildFile; fileRef = 3A15CA7E2276EA70006A0843 /* Main.storyboard */; };
		3A15CA822276EA71006A0843 /* Assets.xcassets in Resources */ = {isa = PBXBuildFile; fileRef = 3A15CA812276EA71006A0843 /* Assets.xcassets */; };
		3A15CA852276EA71006A0843 /* LaunchScreen.storyboard in Resources */ = {isa = PBXBuildFile; fileRef = 3A15CA832276EA71006A0843 /* LaunchScreen.storyboard */; };
		3A15CA8D2276F46F006A0843 /* MainTableViewController.swift in Sources */ = {isa = PBXBuildFile; fileRef = 3A15CA8C2276F46F006A0843 /* MainTableViewController.swift */; };
		3A15CAAF22799D82006A0843 /* CustomTableViewCell.swift in Sources */ = {isa = PBXBuildFile; fileRef = 3A15CAAE22799D82006A0843 /* CustomTableViewCell.swift */; };
		3A15CAB32279A415006A0843 /* SpotModel.swift in Sources */ = {isa = PBXBuildFile; fileRef = 3A15CAB22279A415006A0843 /* SpotModel.swift */; };
		3A15CAB52279BFEB006A0843 /* NewSpotViewController.swift in Sources */ = {isa = PBXBuildFile; fileRef = 3A15CAB42279BFEB006A0843 /* NewSpotViewController.swift */; };
/* End PBXBuildFile section */

/* Begin PBXFileReference section */
		3A15CA772276EA70006A0843 /* SpotJournal.app */ = {isa = PBXFileReference; explicitFileType = wrapper.application; includeInIndex = 0; path = SpotJournal.app; sourceTree = BUILT_PRODUCTS_DIR; };
		3A15CA7A2276EA70006A0843 /* AppDelegate.swift */ = {isa = PBXFileReference; lastKnownFileType = sourcecode.swift; path = AppDelegate.swift; sourceTree = "<group>"; };
		3A15CA7F2276EA70006A0843 /* Base */ = {isa = PBXFileReference; lastKnownFileType = file.storyboard; name = Base; path = Base.lproj/Main.storyboard; sourceTree = "<group>"; };
		3A15CA812276EA71006A0843 /* Assets.xcassets */ = {isa = PBXFileReference; lastKnownFileType = folder.assetcatalog; path = Assets.xcassets; sourceTree = "<group>"; };
		3A15CA842276EA71006A0843 /* Base */ = {isa = PBXFileReference; lastKnownFileType = file.storyboard; name = Base; path = Base.lproj/LaunchScreen.storyboard; sourceTree = "<group>"; };
		3A15CA862276EA71006A0843 /* Info.plist */ = {isa = PBXFileReference; lastKnownFileType = text.plist.xml; path = Info.plist; sourceTree = "<group>"; };
		3A15CA8C2276F46F006A0843 /* MainTableViewController.swift */ = {isa = PBXFileReference; lastKnownFileType = sourcecode.swift; path = MainTableViewController.swift; sourceTree = "<group>"; };
		3A15CAAE22799D82006A0843 /* CustomTableViewCell.swift */ = {isa = PBXFileReference; lastKnownFileType = sourcecode.swift; path = CustomTableViewCell.swift; sourceTree = "<group>"; };
		3A15CAB22279A415006A0843 /* SpotModel.swift */ = {isa = PBXFileReference; lastKnownFileType = sourcecode.swift; path = SpotModel.swift; sourceTree = "<group>"; };
		3A15CAB42279BFEB006A0843 /* NewSpotViewController.swift */ = {isa = PBXFileReference; lastKnownFileType = sourcecode.swift; path = NewSpotViewController.swift; sourceTree = "<group>"; };
/* End PBXFileReference section */

/* Begin PBXFrameworksBuildPhase section */
		3A15CA742276EA70006A0843 /* Frameworks */ = {
			isa = PBXFrameworksBuildPhase;
			buildActionMask = 2147483647;
			files = (
			);
			runOnlyForDeploymentPostprocessing = 0;
		};
/* End PBXFrameworksBuildPhase section */

/* Begin PBXGroup section */
		3A15CA6E2276EA70006A0843 = {
			isa = PBXGroup;
			children = (
				3A15CA792276EA70006A0843 /* SpotJournal */,
				3A15CA782276EA70006A0843 /* Products */,
			);
			sourceTree = "<group>";
		};
		3A15CA782276EA70006A0843 /* Products */ = {
			isa = PBXGroup;
			children = (
				3A15CA772276EA70006A0843 /* SpotJournal.app */,
			);
			name = Products;
			sourceTree = "<group>";
		};
		3A15CA792276EA70006A0843 /* SpotJournal */ = {
			isa = PBXGroup;
			children = (
				3A15CA7A2276EA70006A0843 /* AppDelegate.swift */,
				3A15CA8C2276F46F006A0843 /* MainTableViewController.swift */,
				3A15CAB42279BFEB006A0843 /* NewSpotViewController.swift */,
				3A15CAB22279A415006A0843 /* SpotModel.swift */,
				3A15CAAE22799D82006A0843 /* CustomTableViewCell.swift */,
				3A15CA7E2276EA70006A0843 /* Main.storyboard */,
				3A15CA812276EA71006A0843 /* Assets.xcassets */,
				3A15CA832276EA71006A0843 /* LaunchScreen.storyboard */,
				3A15CA862276EA71006A0843 /* Info.plist */,
			);
			path = SpotJournal;
			sourceTree = "<group>";
		};
/* End PBXGroup section */

/* Begin PBXNativeTarget section */
		3A15CA762276EA70006A0843 /* SpotJournal */ = {
			isa = PBXNativeTarget;
			buildConfigurationList = 3A15CA892276EA71006A0843 /* Build configuration list for PBXNativeTarget "SpotJournal" */;
			buildPhases = (
				3A15CA732276EA70006A0843 /* Sources */,
				3A15CA742276EA70006A0843 /* Frameworks */,
				3A15CA752276EA70006A0843 /* Resources */,
			);
			buildRules = (
			);
			dependencies = (
			);
			name = SpotJournal;
			productName = SpotJournal;
			productReference = 3A15CA772276EA70006A0843 /* SpotJournal.app */;
			productType = "com.apple.product-type.application";
		};
/* End PBXNativeTarget section */

/* Begin PBXProject section */
		3A15CA6F2276EA70006A0843 /* Project object */ = {
			isa = PBXProject;
			attributes = {
				LastSwiftUpdateCheck = 1020;
				LastUpgradeCheck = 1020;
				ORGANIZATIONNAME = "Anton Siauruk";
				TargetAttributes = {
					3A15CA762276EA70006A0843 = {
						CreatedOnToolsVersion = 10.2.1;
					};
				};
			};
			buildConfigurationList = 3A15CA722276EA70006A0843 /* Build configuration list for PBXProject "SpotJournal" */;
			compatibilityVersion = "Xcode 9.3";
			developmentRegion = en;
			hasScannedForEncodings = 0;
			knownRegions = (
				en,
				Base,
			);
			mainGroup = 3A15CA6E2276EA70006A0843;
			productRefGroup = 3A15CA782276EA70006A0843 /* Products */;
			projectDirPath = "";
			projectRoot = "";
			targets = (
				3A15CA762276EA70006A0843 /* SpotJournal */,
			);
		};
/* End PBXProject section */

/* Begin PBXResourcesBuildPhase section */
		3A15CA752276EA70006A0843 /* Resources */ = {
			isa = PBXResourcesBuildPhase;
			buildActionMask = 2147483647;
			files = (
				3A15CA852276EA71006A0843 /* LaunchScreen.storyboard in Resources */,
				3A15CA822276EA71006A0843 /* Assets.xcassets in Resources */,
				3A15CA802276EA70006A0843 /* Main.storyboard in Resources */,
			);
			runOnlyForDeploymentPostprocessing = 0;
		};
/* End PBXResourcesBuildPhase section */

/* Begin PBXSourcesBuildPhase section */
		3A15CA732276EA70006A0843 /* Sources */ = {
			isa = PBXSourcesBuildPhase;
			buildActionMask = 2147483647;
			files = (
				3A15CAAF22799D82006A0843 /* CustomTableViewCell.swift in Sources */,
				3A15CAB52279BFEB006A0843 /* NewSpotViewController.swift in Sources */,
				3A15CAB32279A415006A0843 /* SpotModel.swift in Sources */,
				3A15CA8D2276F46F006A0843 /* MainTableViewController.swift in Sources */,
				3A15CA7B2276EA70006A0843 /* AppDelegate.swift in Sources */,
			);
			runOnlyForDeploymentPostprocessing = 0;
		};
/* End PBXSourcesBuildPhase section */

/* Begin PBXVariantGroup section */
		3A15CA7E2276EA70006A0843 /* Main.storyboard */ = {
			isa = PBXVariantGroup;
			children = (
				3A15CA7F2276EA70006A0843 /* Base */,
			);
			name = Main.storyboard;
			sourceTree = "<group>";
		};
		3A15CA832276EA71006A0843 /* LaunchScreen.storyboard */ = {
			isa = PBXVariantGroup;
			children = (
				3A15CA842276EA71006A0843 /* Base */,
			);
			name = LaunchScreen.storyboard;
			sourceTree = "<group>";
		};
/* End PBXVariantGroup section */

/* Begin XCBuildConfiguration section */
		3A15CA872276EA71006A0843 /* Debug */ = {
			isa = XCBuildConfiguration;
			buildSettings = {
				ALWAYS_SEARCH_USER_PATHS = NO;
				CLANG_ANALYZER_NONNULL = YES;
				CLANG_ANALYZER_NUMBER_OBJECT_CONVERSION = YES_AGGRESSIVE;
				CLANG_CXX_LANGUAGE_STANDARD = "gnu++14";
				CLANG_CXX_LIBRARY = "libc++";
				CLANG_ENABLE_MODULES = YES;
				CLANG_ENABLE_OBJC_ARC = YES;
				CLANG_ENABLE_OBJC_WEAK = YES;
				CLANG_WARN_BLOCK_CAPTURE_AUTORELEASING = YES;
				CLANG_WARN_BOOL_CONVERSION = YES;
				CLANG_WARN_COMMA = YES;
				CLANG_WARN_CONSTANT_CONVERSION = YES;
				CLANG_WARN_DEPRECATED_OBJC_IMPLEMENTATIONS = YES;
				CLANG_WARN_DIRECT_OBJC_ISA_USAGE = YES_ERROR;
				CLANG_WARN_DOCUMENTATION_COMMENTS = YES;
				CLANG_WARN_EMPTY_BODY = YES;
				CLANG_WARN_ENUM_CONVERSION = YES;
				CLANG_WARN_INFINITE_RECURSION = YES;
				CLANG_WARN_INT_CONVERSION = YES;
				CLANG_WARN_NON_LITERAL_NULL_CONVERSION = YES;
				CLANG_WARN_OBJC_IMPLICIT_RETAIN_SELF = YES;
				CLANG_WARN_OBJC_LITERAL_CONVERSION = YES;
				CLANG_WARN_OBJC_ROOT_CLASS = YES_ERROR;
				CLANG_WARN_RANGE_LOOP_ANALYSIS = YES;
				CLANG_WARN_STRICT_PROTOTYPES = YES;
				CLANG_WARN_SUSPICIOUS_MOVE = YES;
				CLANG_WARN_UNGUARDED_AVAILABILITY = YES_AGGRESSIVE;
				CLANG_WARN_UNREACHABLE_CODE = YES;
				CLANG_WARN__DUPLICATE_METHOD_MATCH = YES;
				CODE_SIGN_IDENTITY = "iPhone Developer";
				COPY_PHASE_STRIP = NO;
				DEBUG_INFORMATION_FORMAT = dwarf;
				ENABLE_STRICT_OBJC_MSGSEND = YES;
				ENABLE_TESTABILITY = YES;
				GCC_C_LANGUAGE_STANDARD = gnu11;
				GCC_DYNAMIC_NO_PIC = NO;
				GCC_NO_COMMON_BLOCKS = YES;
				GCC_OPTIMIZATION_LEVEL = 0;
				GCC_PREPROCESSOR_DEFINITIONS = (
					"DEBUG=1",
					"$(inherited)",
				);
				GCC_WARN_64_TO_32_BIT_CONVERSION = YES;
				GCC_WARN_ABOUT_RETURN_TYPE = YES_ERROR;
				GCC_WARN_UNDECLARED_SELECTOR = YES;
				GCC_WARN_UNINITIALIZED_AUTOS = YES_AGGRESSIVE;
				GCC_WARN_UNUSED_FUNCTION = YES;
				GCC_WARN_UNUSED_VARIABLE = YES;
				IPHONEOS_DEPLOYMENT_TARGET = 12.2;
				MTL_ENABLE_DEBUG_INFO = INCLUDE_SOURCE;
				MTL_FAST_MATH = YES;
				ONLY_ACTIVE_ARCH = YES;
				SDKROOT = iphoneos;
				SWIFT_ACTIVE_COMPILATION_CONDITIONS = DEBUG;
				SWIFT_OPTIMIZATION_LEVEL = "-Onone";
			};
			name = Debug;
		};
		3A15CA882276EA71006A0843 /* Release */ = {
			isa = XCBuildConfiguration;
			buildSettings = {
				ALWAYS_SEARCH_USER_PATHS = NO;
				CLANG_ANALYZER_NONNULL = YES;
				CLANG_ANALYZER_NUMBER_OBJECT_CONVERSION = YES_AGGRESSIVE;
				CLANG_CXX_LANGUAGE_STANDARD = "gnu++14";
				CLANG_CXX_LIBRARY = "libc++";
				CLANG_ENABLE_MODULES = YES;
				CLANG_ENABLE_OBJC_ARC = YES;
				CLANG_ENABLE_OBJC_WEAK = YES;
				CLANG_WARN_BLOCK_CAPTURE_AUTORELEASING = YES;
				CLANG_WARN_BOOL_CONVERSION = YES;
				CLANG_WARN_COMMA = YES;
				CLANG_WARN_CONSTANT_CONVERSION = YES;
				CLANG_WARN_DEPRECATED_OBJC_IMPLEMENTATIONS = YES;
				CLANG_WARN_DIRECT_OBJC_ISA_USAGE = YES_ERROR;
				CLANG_WARN_DOCUMENTATION_COMMENTS = YES;
				CLANG_WARN_EMPTY_BODY = YES;
				CLANG_WARN_ENUM_CONVERSION = YES;
				CLANG_WARN_INFINITE_RECURSION = YES;
				CLANG_WARN_INT_CONVERSION = YES;
				CLANG_WARN_NON_LITERAL_NULL_CONVERSION = YES;
				CLANG_WARN_OBJC_IMPLICIT_RETAIN_SELF = YES;
				CLANG_WARN_OBJC_LITERAL_CONVERSION = YES;
				CLANG_WARN_OBJC_ROOT_CLASS = YES_ERROR;
				CLANG_WARN_RANGE_LOOP_ANALYSIS = YES;
				CLANG_WARN_STRICT_PROTOTYPES = YES;
				CLANG_WARN_SUSPICIOUS_MOVE = YES;
				CLANG_WARN_UNGUARDED_AVAILABILITY = YES_AGGRESSIVE;
				CLANG_WARN_UNREACHABLE_CODE = YES;
				CLANG_WARN__DUPLICATE_METHOD_MATCH = YES;
				CODE_SIGN_IDENTITY = "iPhone Developer";
				COPY_PHASE_STRIP = NO;
				DEBUG_INFORMATION_FORMAT = "dwarf-with-dsym";
				ENABLE_NS_ASSERTIONS = NO;
				ENABLE_STRICT_OBJC_MSGSEND = YES;
				GCC_C_LANGUAGE_STANDARD = gnu11;
				GCC_NO_COMMON_BLOCKS = YES;
				GCC_WARN_64_TO_32_BIT_CONVERSION = YES;
				GCC_WARN_ABOUT_RETURN_TYPE = YES_ERROR;
				GCC_WARN_UNDECLARED_SELECTOR = YES;
				GCC_WARN_UNINITIALIZED_AUTOS = YES_AGGRESSIVE;
				GCC_WARN_UNUSED_FUNCTION = YES;
				GCC_WARN_UNUSED_VARIABLE = YES;
				IPHONEOS_DEPLOYMENT_TARGET = 12.2;
				MTL_ENABLE_DEBUG_INFO = NO;
				MTL_FAST_MATH = YES;
				SDKROOT = iphoneos;
				SWIFT_COMPILATION_MODE = wholemodule;
				SWIFT_OPTIMIZATION_LEVEL = "-O";
				VALIDATE_PRODUCT = YES;
			};
			name = Release;
		};
		3A15CA8A2276EA71006A0843 /* Debug */ = {
			isa = XCBuildConfiguration;
			buildSettings = {
				ASSETCATALOG_COMPILER_APPICON_NAME = AppIcon;
				ASSETCATALOG_COMPILER_LAUNCHIMAGE_NAME = LaunchImage;
				CODE_SIGN_STYLE = Automatic;
				DEVELOPMENT_TEAM = 9NN94ZU74L;
				INFOPLIST_FILE = SpotJournal/Info.plist;
				LD_RUNPATH_SEARCH_PATHS = (
					"$(inherited)",
					"@executable_path/Frameworks",
				);
				PRODUCT_BUNDLE_IDENTIFIER = com.Siauruk.SpotJournal;
				PRODUCT_NAME = "$(TARGET_NAME)";
				SWIFT_VERSION = 5.0;
				TARGETED_DEVICE_FAMILY = 1;
			};
			name = Debug;
		};
		3A15CA8B2276EA71006A0843 /* Release */ = {
			isa = XCBuildConfiguration;
			buildSettings = {
				ASSETCATALOG_COMPILER_APPICON_NAME = AppIcon;
				ASSETCATALOG_COMPILER_LAUNCHIMAGE_NAME = LaunchImage;
				CODE_SIGN_STYLE = Automatic;
				DEVELOPMENT_TEAM = 9NN94ZU74L;
				INFOPLIST_FILE = SpotJournal/Info.plist;
				LD_RUNPATH_SEARCH_PATHS = (
					"$(inherited)",
					"@executable_path/Frameworks",
				);
				PRODUCT_BUNDLE_IDENTIFIER = com.Siauruk.SpotJournal;
				PRODUCT_NAME = "$(TARGET_NAME)";
				SWIFT_VERSION = 5.0;
				TARGETED_DEVICE_FAMILY = 1;
			};
			name = Release;
		};
/* End XCBuildConfiguration section */

/* Begin XCConfigurationList section */
		3A15CA722276EA70006A0843 /* Build configuration list for PBXProject "SpotJournal" */ = {
			isa = XCConfigurationList;
			buildConfigurations = (
				3A15CA872276EA71006A0843 /* Debug */,
				3A15CA882276EA71006A0843 /* Release */,
			);
			defaultConfigurationIsVisible = 0;
			defaultConfigurationName = Release;
		};
		3A15CA892276EA71006A0843 /* Build configuration list for PBXNativeTarget "SpotJournal" */ = {
			isa = XCConfigurationList;
			buildConfigurations = (
				3A15CA8A2276EA71006A0843 /* Debug */,
				3A15CA8B2276EA71006A0843 /* Release */,
			);
			defaultConfigurationIsVisible = 0;
			defaultConfigurationName = Release;
		};
/* End XCConfigurationList section */
	};
	rootObject = 3A15CA6F2276EA70006A0843 /* Project object */;
}
